// !$*UTF8*$!
{
	archiveVersion = 1;
	classes = {
	};
	objectVersion = 46;
	objects = {

/* Begin PBXBuildFile section */
		2C31E7AC1F324F6600C263A3 /* GlobalSelector.m in Sources */ = {isa = PBXBuildFile; fileRef = 2C31E7AB1F324F6600C263A3 /* GlobalSelector.m */; };
		2C909A971F27BC0B00AF86C8 /* ImageCollectionViewController.m in Sources */ = {isa = PBXBuildFile; fileRef = 2C909A961F27BC0B00AF86C8 /* ImageCollectionViewController.m */; };
		2C909A9A1F27C31600AF86C8 /* ImageViewController.m in Sources */ = {isa = PBXBuildFile; fileRef = 2C909A991F27C31600AF86C8 /* ImageViewController.m */; };
		2C93CE391F237EE4007E105B /* main.m in Sources */ = {isa = PBXBuildFile; fileRef = 2C93CE381F237EE4007E105B /* main.m */; };
		2C93CE3C1F237EE4007E105B /* AppDelegate.m in Sources */ = {isa = PBXBuildFile; fileRef = 2C93CE3B1F237EE4007E105B /* AppDelegate.m */; };
		2C93CE3F1F237EE4007E105B /* ViewController.m in Sources */ = {isa = PBXBuildFile; fileRef = 2C93CE3E1F237EE4007E105B /* ViewController.m */; };
		2C93CE421F237EE4007E105B /* Main.storyboard in Resources */ = {isa = PBXBuildFile; fileRef = 2C93CE401F237EE4007E105B /* Main.storyboard */; };
		2C93CE441F237EE4007E105B /* Assets.xcassets in Resources */ = {isa = PBXBuildFile; fileRef = 2C93CE431F237EE4007E105B /* Assets.xcassets */; };
		2C93CE471F237EE4007E105B /* LaunchScreen.storyboard in Resources */ = {isa = PBXBuildFile; fileRef = 2C93CE451F237EE4007E105B /* LaunchScreen.storyboard */; };
		2CD957291F2BB2B000C76274 /* FoldersTableViewController.m in Sources */ = {isa = PBXBuildFile; fileRef = 2CD957281F2BB2B000C76274 /* FoldersTableViewController.m */; };
/* End PBXBuildFile section */

/* Begin PBXFileReference section */
		2C31E7AA1F324F6600C263A3 /* GlobalSelector.h */ = {isa = PBXFileReference; fileEncoding = 4; lastKnownFileType = sourcecode.c.h; path = GlobalSelector.h; sourceTree = "<group>"; };
		2C31E7AB1F324F6600C263A3 /* GlobalSelector.m */ = {isa = PBXFileReference; fileEncoding = 4; lastKnownFileType = sourcecode.c.objc; path = GlobalSelector.m; sourceTree = "<group>"; };
		2C909A951F27BC0B00AF86C8 /* ImageCollectionViewController.h */ = {isa = PBXFileReference; fileEncoding = 4; lastKnownFileType = sourcecode.c.h; path = ImageCollectionViewController.h; sourceTree = "<group>"; };
		2C909A961F27BC0B00AF86C8 /* ImageCollectionViewController.m */ = {isa = PBXFileReference; fileEncoding = 4; lastKnownFileType = sourcecode.c.objc; path = ImageCollectionViewController.m; sourceTree = "<group>"; };
		2C909A981F27C31600AF86C8 /* ImageViewController.h */ = {isa = PBXFileReference; fileEncoding = 4; lastKnownFileType = sourcecode.c.h; path = ImageViewController.h; sourceTree = "<group>"; };
		2C909A991F27C31600AF86C8 /* ImageViewController.m */ = {isa = PBXFileReference; fileEncoding = 4; lastKnownFileType = sourcecode.c.objc; path = ImageViewController.m; sourceTree = "<group>"; };
		2C93CE341F237EE4007E105B /* VolumeControl.app */ = {isa = PBXFileReference; explicitFileType = wrapper.application; includeInIndex = 0; path = VolumeControl.app; sourceTree = BUILT_PRODUCTS_DIR; };
		2C93CE381F237EE4007E105B /* main.m */ = {isa = PBXFileReference; lastKnownFileType = sourcecode.c.objc; path = main.m; sourceTree = "<group>"; };
		2C93CE3A1F237EE4007E105B /* AppDelegate.h */ = {isa = PBXFileReference; lastKnownFileType = sourcecode.c.h; path = AppDelegate.h; sourceTree = "<group>"; };
		2C93CE3B1F237EE4007E105B /* AppDelegate.m */ = {isa = PBXFileReference; lastKnownFileType = sourcecode.c.objc; path = AppDelegate.m; sourceTree = "<group>"; };
		2C93CE3D1F237EE4007E105B /* ViewController.h */ = {isa = PBXFileReference; lastKnownFileType = sourcecode.c.h; path = ViewController.h; sourceTree = "<group>"; };
		2C93CE3E1F237EE4007E105B /* ViewController.m */ = {isa = PBXFileReference; lastKnownFileType = sourcecode.c.objc; path = ViewController.m; sourceTree = "<group>"; };
		2C93CE411F237EE4007E105B /* Base */ = {isa = PBXFileReference; lastKnownFileType = file.storyboard; name = Base; path = Base.lproj/Main.storyboard; sourceTree = "<group>"; };
		2C93CE431F237EE4007E105B /* Assets.xcassets */ = {isa = PBXFileReference; lastKnownFileType = folder.assetcatalog; path = Assets.xcassets; sourceTree = "<group>"; };
		2C93CE461F237EE4007E105B /* Base */ = {isa = PBXFileReference; lastKnownFileType = file.storyboard; name = Base; path = Base.lproj/LaunchScreen.storyboard; sourceTree = "<group>"; };
		2C93CE481F237EE4007E105B /* Info.plist */ = {isa = PBXFileReference; lastKnownFileType = text.plist.xml; path = Info.plist; sourceTree = "<group>"; };
		2CD957271F2BB2B000C76274 /* FoldersTableViewController.h */ = {isa = PBXFileReference; fileEncoding = 4; lastKnownFileType = sourcecode.c.h; path = FoldersTableViewController.h; sourceTree = "<group>"; };
		2CD957281F2BB2B000C76274 /* FoldersTableViewController.m */ = {isa = PBXFileReference; fileEncoding = 4; lastKnownFileType = sourcecode.c.objc; path = FoldersTableViewController.m; sourceTree = "<group>"; };
/* End PBXFileReference section */

/* Begin PBXFrameworksBuildPhase section */
		2C93CE311F237EE4007E105B /* Frameworks */ = {
			isa = PBXFrameworksBuildPhase;
			buildActionMask = 2147483647;
			files = (
			);
			runOnlyForDeploymentPostprocessing = 0;
		};
/* End PBXFrameworksBuildPhase section */

/* Begin PBXGroup section */
		2C93CE2B1F237EE4007E105B = {
			isa = PBXGroup;
			children = (
				2C93CE361F237EE4007E105B /* VolumeControl */,
				2C93CE351F237EE4007E105B /* Products */,
			);
			sourceTree = "<group>";
		};
		2C93CE351F237EE4007E105B /* Products */ = {
			isa = PBXGroup;
			children = (
				2C93CE341F237EE4007E105B /* VolumeControl.app */,
			);
			name = Products;
			sourceTree = "<group>";
		};
		2C93CE361F237EE4007E105B /* VolumeControl */ = {
			isa = PBXGroup;
			children = (
				2C31E7AA1F324F6600C263A3 /* GlobalSelector.h */,
				2C31E7AB1F324F6600C263A3 /* GlobalSelector.m */,
				2C93CE3A1F237EE4007E105B /* AppDelegate.h */,
				2C93CE3B1F237EE4007E105B /* AppDelegate.m */,
				2C93CE3D1F237EE4007E105B /* ViewController.h */,
				2C93CE3E1F237EE4007E105B /* ViewController.m */,
				2C93CE401F237EE4007E105B /* Main.storyboard */,
				2C93CE431F237EE4007E105B /* Assets.xcassets */,
				2C93CE451F237EE4007E105B /* LaunchScreen.storyboard */,
				2C93CE481F237EE4007E105B /* Info.plist */,
				2C93CE371F237EE4007E105B /* Supporting Files */,
				2C909A951F27BC0B00AF86C8 /* ImageCollectionViewController.h */,
				2C909A961F27BC0B00AF86C8 /* ImageCollectionViewController.m */,
				2C909A981F27C31600AF86C8 /* ImageViewController.h */,
				2C909A991F27C31600AF86C8 /* ImageViewController.m */,
				2CD957271F2BB2B000C76274 /* FoldersTableViewController.h */,
				2CD957281F2BB2B000C76274 /* FoldersTableViewController.m */,
			);
			path = VolumeControl;
			sourceTree = "<group>";
		};
		2C93CE371F237EE4007E105B /* Supporting Files */ = {
			isa = PBXGroup;
			children = (
				2C93CE381F237EE4007E105B /* main.m */,
			);
			name = "Supporting Files";
			sourceTree = "<group>";
		};
/* End PBXGroup section */

/* Begin PBXNativeTarget section */
		2C93CE331F237EE4007E105B /* VolumeControl */ = {
			isa = PBXNativeTarget;
			buildConfigurationList = 2C93CE4B1F237EE4007E105B /* Build configuration list for PBXNativeTarget "VolumeControl" */;
			buildPhases = (
				2C93CE301F237EE4007E105B /* Sources */,
				2C93CE311F237EE4007E105B /* Frameworks */,
				2C93CE321F237EE4007E105B /* Resources */,
			);
			buildRules = (
			);
			dependencies = (
			);
			name = VolumeControl;
			productName = VolumeControl;
			productReference = 2C93CE341F237EE4007E105B /* VolumeControl.app */;
			productType = "com.apple.product-type.application";
		};
/* End PBXNativeTarget section */

/* Begin PBXProject section */
		2C93CE2C1F237EE4007E105B /* Project object */ = {
			isa = PBXProject;
			attributes = {
				LastUpgradeCheck = 0830;
				ORGANIZATIONNAME = Pradeep;
				TargetAttributes = {
					2C93CE331F237EE4007E105B = {
						CreatedOnToolsVersion = 8.3.3;
						DevelopmentTeam = ZDH8WT2X4D;
						ProvisioningStyle = Automatic;
					};
				};
			};
			buildConfigurationList = 2C93CE2F1F237EE4007E105B /* Build configuration list for PBXProject "VolumeControl" */;
			compatibilityVersion = "Xcode 3.2";
			developmentRegion = English;
			hasScannedForEncodings = 0;
			knownRegions = (
				en,
				Base,
			);
			mainGroup = 2C93CE2B1F237EE4007E105B;
			productRefGroup = 2C93CE351F237EE4007E105B /* Products */;
			projectDirPath = "";
			projectRoot = "";
			targets = (
				2C93CE331F237EE4007E105B /* VolumeControl */,
			);
		};
/* End PBXProject section */

/* Begin PBXResourcesBuildPhase section */
		2C93CE321F237EE4007E105B /* Resources */ = {
			isa = PBXResourcesBuildPhase;
			buildActionMask = 2147483647;
			files = (
				2C93CE471F237EE4007E105B /* LaunchScreen.storyboard in Resources */,
				2C93CE441F237EE4007E105B /* Assets.xcassets in Resources */,
				2C93CE421F237EE4007E105B /* Main.storyboard in Resources */,
			);
			runOnlyForDeploymentPostprocessing = 0;
		};
/* End PBXResourcesBuildPhase section */

/* Begin PBXSourcesBuildPhase section */
		2C93CE301F237EE4007E105B /* Sources */ = {
			isa = PBXSourcesBuildPhase;
			buildActionMask = 2147483647;
			files = (
				2C909A9A1F27C31600AF86C8 /* ImageViewController.m in Sources */,
				2C909A971F27BC0B00AF86C8 /* ImageCollectionViewController.m in Sources */,
				2C31E7AC1F324F6600C263A3 /* GlobalSelector.m in Sources */,
				2C93CE3F1F237EE4007E105B /* ViewController.m in Sources */,
				2C93CE3C1F237EE4007E105B /* AppDelegate.m in Sources */,
				2C93CE391F237EE4007E105B /* main.m in Sources */,
				2CD957291F2BB2B000C76274 /* FoldersTableViewController.m in Sources */,
			);
			runOnlyForDeploymentPostprocessing = 0;
		};
/* End PBXSourcesBuildPhase section */

/* Begin PBXVariantGroup section */
		2C93CE401F237EE4007E105B /* Main.storyboard */ = {
			isa = PBXVariantGroup;
			children = (
				2C93CE411F237EE4007E105B /* Base */,
			);
			name = Main.storyboard;
			sourceTree = "<group>";
		};
		2C93CE451F237EE4007E105B /* LaunchScreen.storyboard */ = {
			isa = PBXVariantGroup;
			children = (
				2C93CE461F237EE4007E105B /* Base */,
			);
			name = LaunchScreen.storyboard;
			sourceTree = "<group>";
		};
/* End PBXVariantGroup section */

/* Begin XCBuildConfiguration section */
		2C93CE491F237EE4007E105B /* Debug */ = {
			isa = XCBuildConfiguration;
			buildSettings = {
				ALWAYS_SEARCH_USER_PATHS = NO;
				CLANG_ANALYZER_NONNULL = YES;
				CLANG_ANALYZER_NUMBER_OBJECT_CONVERSION = YES_AGGRESSIVE;
				CLANG_CXX_LANGUAGE_STANDARD = "gnu++0x";
				CLANG_CXX_LIBRARY = "libc++";
				CLANG_ENABLE_MODULES = YES;
				CLANG_ENABLE_OBJC_ARC = YES;
				CLANG_WARN_BOOL_CONVERSION = YES;
				CLANG_WARN_CONSTANT_CONVERSION = YES;
				CLANG_WARN_DIRECT_OBJC_ISA_USAGE = YES_ERROR;
				CLANG_WARN_DOCUMENTATION_COMMENTS = YES;
				CLANG_WARN_EMPTY_BODY = YES;
				CLANG_WARN_ENUM_CONVERSION = YES;
				CLANG_WARN_INFINITE_RECURSION = YES;
				CLANG_WARN_INT_CONVERSION = YES;
				CLANG_WARN_OBJC_ROOT_CLASS = YES_ERROR;
				CLANG_WARN_SUSPICIOUS_MOVE = YES;
				CLANG_WARN_UNREACHABLE_CODE = YES;
				CLANG_WARN__DUPLICATE_METHOD_MATCH = YES;
				"CODE_SIGN_IDENTITY[sdk=iphoneos*]" = "iPhone Developer";
				COPY_PHASE_STRIP = NO;
				DEBUG_INFORMATION_FORMAT = dwarf;
				ENABLE_STRICT_OBJC_MSGSEND = YES;
				ENABLE_TESTABILITY = YES;
				GCC_C_LANGUAGE_STANDARD = gnu99;
				GCC_DYNAMIC_NO_PIC = NO;
				GCC_NO_COMMON_BLOCKS = YES;
				GCC_OPTIMIZATION_LEVEL = 0;
				GCC_PREPROCESSOR_DEFINITIONS = (
					"DEBUG=1",
					"$(inherited)",
				);
				GCC_WARN_64_TO_32_BIT_CONVERSION = YES;
				GCC_WARN_ABOUT_RETURN_TYPE = YES_ERROR;
				GCC_WARN_UNDECLARED_SELECTOR = YES;
				GCC_WARN_UNINITIALIZED_AUTOS = YES_AGGRESSIVE;
				GCC_WARN_UNUSED_FUNCTION = YES;
				GCC_WARN_UNUSED_VARIABLE = YES;
				IPHONEOS_DEPLOYMENT_TARGET = 10.3;
				MTL_ENABLE_DEBUG_INFO = YES;
				ONLY_ACTIVE_ARCH = YES;
				SDKROOT = iphoneos;
				TARGETED_DEVICE_FAMILY = "1,2";
			};
			name = Debug;
		};
		2C93CE4A1F237EE4007E105B /* Release */ = {
			isa = XCBuildConfiguration;
			buildSettings = {
				ALWAYS_SEARCH_USER_PATHS = NO;
				CLANG_ANALYZER_NONNULL = YES;
				CLANG_ANALYZER_NUMBER_OBJECT_CONVERSION = YES_AGGRESSIVE;
				CLANG_CXX_LANGUAGE_STANDARD = "gnu++0x";
				CLANG_CXX_LIBRARY = "libc++";
				CLANG_ENABLE_MODULES = YES;
				CLANG_ENABLE_OBJC_ARC = YES;
				CLANG_WARN_BOOL_CONVERSION = YES;
				CLANG_WARN_CONSTANT_CONVERSION = YES;
				CLANG_WARN_DIRECT_OBJC_ISA_USAGE = YES_ERROR;
				CLANG_WARN_DOCUMENTATION_COMMENTS = YES;
				CLANG_WARN_EMPTY_BODY = YES;
				CLANG_WARN_ENUM_CONVERSION = YES;
				CLANG_WARN_INFINITE_RECURSION = YES;
				CLANG_WARN_INT_CONVERSION = YES;
				CLANG_WARN_OBJC_ROOT_CLASS = YES_ERROR;
				CLANG_WARN_SUSPICIOUS_MOVE = YES;
				CLANG_WARN_UNREACHABLE_CODE = YES;
				CLANG_WARN__DUPLICATE_METHOD_MATCH = YES;
				"CODE_SIGN_IDENTITY[sdk=iphoneos*]" = "iPhone Developer";
				COPY_PHASE_STRIP = NO;
				DEBUG_INFORMATION_FORMAT = "dwarf-with-dsym";
				ENABLE_NS_ASSERTIONS = NO;
				ENABLE_STRICT_OBJC_MSGSEND = YES;
				GCC_C_LANGUAGE_STANDARD = gnu99;
				GCC_NO_COMMON_BLOCKS = YES;
				GCC_WARN_64_TO_32_BIT_CONVERSION = YES;
				GCC_WARN_ABOUT_RETURN_TYPE = YES_ERROR;
				GCC_WARN_UNDECLARED_SELECTOR = YES;
				GCC_WARN_UNINITIALIZED_AUTOS = YES_AGGRESSIVE;
				GCC_WARN_UNUSED_FUNCTION = YES;
				GCC_WARN_UNUSED_VARIABLE = YES;
				IPHONEOS_DEPLOYMENT_TARGET = 10.3;
				MTL_ENABLE_DEBUG_INFO = NO;
				SDKROOT = iphoneos;
				TARGETED_DEVICE_FAMILY = "1,2";
				VALIDATE_PRODUCT = YES;
			};
			name = Release;
		};
		2C93CE4C1F237EE4007E105B /* Debug */ = {
			isa = XCBuildConfiguration;
			buildSettings = {
				ASSETCATALOG_COMPILER_APPICON_NAME = AppIcon;
				DEVELOPMENT_TEAM = ZDH8WT2X4D;
				INFOPLIST_FILE = VolumeControl/Info.plist;
				LD_RUNPATH_SEARCH_PATHS = "$(inherited) @executable_path/Frameworks";
				PRODUCT_BUNDLE_IDENTIFIER = com.pradeep.VolumeControl;
				PRODUCT_NAME = "$(TARGET_NAME)";
			};
			name = Debug;
		};
		2C93CE4D1F237EE4007E105B /* Release */ = {
			isa = XCBuildConfiguration;
			buildSettings = {
				ASSETCATALOG_COMPILER_APPICON_NAME = AppIcon;
				DEVELOPMENT_TEAM = ZDH8WT2X4D;
				INFOPLIST_FILE = VolumeControl/Info.plist;
				LD_RUNPATH_SEARCH_PATHS = "$(inherited) @executable_path/Frameworks";
				PRODUCT_BUNDLE_IDENTIFIER = com.pradeep.VolumeControl;
				PRODUCT_NAME = "$(TARGET_NAME)";
			};
			name = Release;
		};
/* End XCBuildConfiguration section */

/* Begin XCConfigurationList section */
		2C93CE2F1F237EE4007E105B /* Build configuration list for PBXProject "VolumeControl" */ = {
			isa = XCConfigurationList;
			buildConfigurations = (
				2C93CE491F237EE4007E105B /* Debug */,
				2C93CE4A1F237EE4007E105B /* Release */,
			);
			defaultConfigurationIsVisible = 0;
			defaultConfigurationName = Release;
		};
		2C93CE4B1F237EE4007E105B /* Build configuration list for PBXNativeTarget "VolumeControl" */ = {
			isa = XCConfigurationList;
			buildConfigurations = (
				2C93CE4C1F237EE4007E105B /* Debug */,
				2C93CE4D1F237EE4007E105B /* Release */,
			);
			defaultConfigurationIsVisible = 0;
			defaultConfigurationName = Release;
		};
/* End XCConfigurationList section */
	};
	rootObject = 2C93CE2C1F237EE4007E105B /* Project object */;
}
